// !$*UTF8*$!
{
	archiveVersion = 1;
	classes = {
	};
	objectVersion = 50;
	objects = {

/* Begin PBXBuildFile section */
		BA4EE4192515016E00AF7808 /* DetailViewController.swift in Sources */ = {isa = PBXBuildFile; fileRef = BA4EE4182515016E00AF7808 /* DetailViewController.swift */; };
		BA60D65E25111F7B0056AF8C /* AppDelegate.swift in Sources */ = {isa = PBXBuildFile; fileRef = BA60D65D25111F7B0056AF8C /* AppDelegate.swift */; };
		BA60D66025111F7B0056AF8C /* SceneDelegate.swift in Sources */ = {isa = PBXBuildFile; fileRef = BA60D65F25111F7B0056AF8C /* SceneDelegate.swift */; };
		BA60D66225111F7B0056AF8C /* ViewController.swift in Sources */ = {isa = PBXBuildFile; fileRef = BA60D66125111F7B0056AF8C /* ViewController.swift */; };
		BA60D66525111F7B0056AF8C /* Main.storyboard in Resources */ = {isa = PBXBuildFile; fileRef = BA60D66325111F7B0056AF8C /* Main.storyboard */; };
		BA60D66725111F7C0056AF8C /* Assets.xcassets in Resources */ = {isa = PBXBuildFile; fileRef = BA60D66625111F7C0056AF8C /* Assets.xcassets */; };
		BA60D66A25111F7C0056AF8C /* LaunchScreen.storyboard in Resources */ = {isa = PBXBuildFile; fileRef = BA60D66825111F7C0056AF8C /* LaunchScreen.storyboard */; };
		BA60D67525111F7C0056AF8C /* Day16Tests.swift in Sources */ = {isa = PBXBuildFile; fileRef = BA60D67425111F7C0056AF8C /* Day16Tests.swift */; };
		BA60D68025111F7C0056AF8C /* Day16UITests.swift in Sources */ = {isa = PBXBuildFile; fileRef = BA60D67F25111F7C0056AF8C /* Day16UITests.swift */; };
		BA60D6EF251262400056AF8C /* nssl0049.jpg in Resources */ = {isa = PBXBuildFile; fileRef = BA60D6E5251262400056AF8C /* nssl0049.jpg */; };
		BA60D6F0251262400056AF8C /* nssl0046.jpg in Resources */ = {isa = PBXBuildFile; fileRef = BA60D6E6251262400056AF8C /* nssl0046.jpg */; };
		BA60D6F1251262400056AF8C /* nssl0091.jpg in Resources */ = {isa = PBXBuildFile; fileRef = BA60D6E7251262400056AF8C /* nssl0091.jpg */; };
		BA60D6F2251262400056AF8C /* nssl0045.jpg in Resources */ = {isa = PBXBuildFile; fileRef = BA60D6E8251262400056AF8C /* nssl0045.jpg */; };
		BA60D6F3251262400056AF8C /* nssl0051.jpg in Resources */ = {isa = PBXBuildFile; fileRef = BA60D6E9251262400056AF8C /* nssl0051.jpg */; };
		BA60D6F4251262400056AF8C /* nssl0041.jpg in Resources */ = {isa = PBXBuildFile; fileRef = BA60D6EA251262400056AF8C /* nssl0041.jpg */; };
		BA60D6F5251262400056AF8C /* nssl0042.jpg in Resources */ = {isa = PBXBuildFile; fileRef = BA60D6EB251262400056AF8C /* nssl0042.jpg */; };
		BA60D6F6251262400056AF8C /* nssl0043.jpg in Resources */ = {isa = PBXBuildFile; fileRef = BA60D6EC251262400056AF8C /* nssl0043.jpg */; };
		BA60D6F7251262400056AF8C /* nssl0033.jpg in Resources */ = {isa = PBXBuildFile; fileRef = BA60D6ED251262400056AF8C /* nssl0033.jpg */; };
		BA60D6F8251262400056AF8C /* nssl0034.jpg in Resources */ = {isa = PBXBuildFile; fileRef = BA60D6EE251262400056AF8C /* nssl0034.jpg */; };
/* End PBXBuildFile section */

/* Begin PBXContainerItemProxy section */
		BA60D67125111F7C0056AF8C /* PBXContainerItemProxy */ = {
			isa = PBXContainerItemProxy;
			containerPortal = BA60D65225111F7B0056AF8C /* Project object */;
			proxyType = 1;
			remoteGlobalIDString = BA60D65925111F7B0056AF8C;
			remoteInfo = Day16;
		};
		BA60D67C25111F7C0056AF8C /* PBXContainerItemProxy */ = {
			isa = PBXContainerItemProxy;
			containerPortal = BA60D65225111F7B0056AF8C /* Project object */;
			proxyType = 1;
			remoteGlobalIDString = BA60D65925111F7B0056AF8C;
			remoteInfo = Day16;
		};
/* End PBXContainerItemProxy section */

/* Begin PBXFileReference section */
		BA4EE4182515016E00AF7808 /* DetailViewController.swift */ = {isa = PBXFileReference; lastKnownFileType = sourcecode.swift; path = DetailViewController.swift; sourceTree = "<group>"; };
		BA60D65A25111F7B0056AF8C /* Day16.app */ = {isa = PBXFileReference; explicitFileType = wrapper.application; includeInIndex = 0; path = Day16.app; sourceTree = BUILT_PRODUCTS_DIR; };
		BA60D65D25111F7B0056AF8C /* AppDelegate.swift */ = {isa = PBXFileReference; lastKnownFileType = sourcecode.swift; path = AppDelegate.swift; sourceTree = "<group>"; };
		BA60D65F25111F7B0056AF8C /* SceneDelegate.swift */ = {isa = PBXFileReference; lastKnownFileType = sourcecode.swift; path = SceneDelegate.swift; sourceTree = "<group>"; };
		BA60D66125111F7B0056AF8C /* ViewController.swift */ = {isa = PBXFileReference; lastKnownFileType = sourcecode.swift; path = ViewController.swift; sourceTree = "<group>"; };
		BA60D66425111F7B0056AF8C /* Base */ = {isa = PBXFileReference; lastKnownFileType = file.storyboard; name = Base; path = Base.lproj/Main.storyboard; sourceTree = "<group>"; };
		BA60D66625111F7C0056AF8C /* Assets.xcassets */ = {isa = PBXFileReference; lastKnownFileType = folder.assetcatalog; path = Assets.xcassets; sourceTree = "<group>"; };
		BA60D66925111F7C0056AF8C /* Base */ = {isa = PBXFileReference; lastKnownFileType = file.storyboard; name = Base; path = Base.lproj/LaunchScreen.storyboard; sourceTree = "<group>"; };
		BA60D66B25111F7C0056AF8C /* Info.plist */ = {isa = PBXFileReference; lastKnownFileType = text.plist.xml; path = Info.plist; sourceTree = "<group>"; };
		BA60D67025111F7C0056AF8C /* Day16Tests.xctest */ = {isa = PBXFileReference; explicitFileType = wrapper.cfbundle; includeInIndex = 0; path = Day16Tests.xctest; sourceTree = BUILT_PRODUCTS_DIR; };
		BA60D67425111F7C0056AF8C /* Day16Tests.swift */ = {isa = PBXFileReference; lastKnownFileType = sourcecode.swift; path = Day16Tests.swift; sourceTree = "<group>"; };
		BA60D67625111F7C0056AF8C /* Info.plist */ = {isa = PBXFileReference; lastKnownFileType = text.plist.xml; path = Info.plist; sourceTree = "<group>"; };
		BA60D67B25111F7C0056AF8C /* Day16UITests.xctest */ = {isa = PBXFileReference; explicitFileType = wrapper.cfbundle; includeInIndex = 0; path = Day16UITests.xctest; sourceTree = BUILT_PRODUCTS_DIR; };
		BA60D67F25111F7C0056AF8C /* Day16UITests.swift */ = {isa = PBXFileReference; lastKnownFileType = sourcecode.swift; path = Day16UITests.swift; sourceTree = "<group>"; };
		BA60D68125111F7C0056AF8C /* Info.plist */ = {isa = PBXFileReference; lastKnownFileType = text.plist.xml; path = Info.plist; sourceTree = "<group>"; };
		BA60D6E5251262400056AF8C /* nssl0049.jpg */ = {isa = PBXFileReference; lastKnownFileType = image.jpeg; path = nssl0049.jpg; sourceTree = "<group>"; };
		BA60D6E6251262400056AF8C /* nssl0046.jpg */ = {isa = PBXFileReference; lastKnownFileType = image.jpeg; path = nssl0046.jpg; sourceTree = "<group>"; };
		BA60D6E7251262400056AF8C /* nssl0091.jpg */ = {isa = PBXFileReference; lastKnownFileType = image.jpeg; path = nssl0091.jpg; sourceTree = "<group>"; };
		BA60D6E8251262400056AF8C /* nssl0045.jpg */ = {isa = PBXFileReference; lastKnownFileType = image.jpeg; path = nssl0045.jpg; sourceTree = "<group>"; };
		BA60D6E9251262400056AF8C /* nssl0051.jpg */ = {isa = PBXFileReference; lastKnownFileType = image.jpeg; path = nssl0051.jpg; sourceTree = "<group>"; };
		BA60D6EA251262400056AF8C /* nssl0041.jpg */ = {isa = PBXFileReference; lastKnownFileType = image.jpeg; path = nssl0041.jpg; sourceTree = "<group>"; };
		BA60D6EB251262400056AF8C /* nssl0042.jpg */ = {isa = PBXFileReference; lastKnownFileType = image.jpeg; path = nssl0042.jpg; sourceTree = "<group>"; };
		BA60D6EC251262400056AF8C /* nssl0043.jpg */ = {isa = PBXFileReference; lastKnownFileType = image.jpeg; path = nssl0043.jpg; sourceTree = "<group>"; };
		BA60D6ED251262400056AF8C /* nssl0033.jpg */ = {isa = PBXFileReference; lastKnownFileType = image.jpeg; path = nssl0033.jpg; sourceTree = "<group>"; };
		BA60D6EE251262400056AF8C /* nssl0034.jpg */ = {isa = PBXFileReference; lastKnownFileType = image.jpeg; path = nssl0034.jpg; sourceTree = "<group>"; };
/* End PBXFileReference section */

/* Begin PBXFrameworksBuildPhase section */
		BA60D65725111F7B0056AF8C /* Frameworks */ = {
			isa = PBXFrameworksBuildPhase;
			buildActionMask = 2147483647;
			files = (
			);
			runOnlyForDeploymentPostprocessing = 0;
		};
		BA60D66D25111F7C0056AF8C /* Frameworks */ = {
			isa = PBXFrameworksBuildPhase;
			buildActionMask = 2147483647;
			files = (
			);
			runOnlyForDeploymentPostprocessing = 0;
		};
		BA60D67825111F7C0056AF8C /* Frameworks */ = {
			isa = PBXFrameworksBuildPhase;
			buildActionMask = 2147483647;
			files = (
			);
			runOnlyForDeploymentPostprocessing = 0;
		};
/* End PBXFrameworksBuildPhase section */

/* Begin PBXGroup section */
		BA60D65125111F7B0056AF8C = {
			isa = PBXGroup;
			children = (
				BA60D65C25111F7B0056AF8C /* Day16 */,
				BA60D67325111F7C0056AF8C /* Day16Tests */,
				BA60D67E25111F7C0056AF8C /* Day16UITests */,
				BA60D65B25111F7B0056AF8C /* Products */,
			);
			sourceTree = "<group>";
		};
		BA60D65B25111F7B0056AF8C /* Products */ = {
			isa = PBXGroup;
			children = (
				BA60D65A25111F7B0056AF8C /* Day16.app */,
				BA60D67025111F7C0056AF8C /* Day16Tests.xctest */,
				BA60D67B25111F7C0056AF8C /* Day16UITests.xctest */,
			);
			name = Products;
			sourceTree = "<group>";
		};
		BA60D65C25111F7B0056AF8C /* Day16 */ = {
			isa = PBXGroup;
			children = (
				BA60D65D25111F7B0056AF8C /* AppDelegate.swift */,
				BA60D65F25111F7B0056AF8C /* SceneDelegate.swift */,
				BA60D66125111F7B0056AF8C /* ViewController.swift */,
				BA4EE4182515016E00AF7808 /* DetailViewController.swift */,
				BA60D66325111F7B0056AF8C /* Main.storyboard */,
				BA60D66625111F7C0056AF8C /* Assets.xcassets */,
				BA60D66825111F7C0056AF8C /* LaunchScreen.storyboard */,
				BA60D66B25111F7C0056AF8C /* Info.plist */,
				BA60D6E4251262400056AF8C /* Contents */,
			);
			path = Day16;
			sourceTree = "<group>";
		};
		BA60D67325111F7C0056AF8C /* Day16Tests */ = {
			isa = PBXGroup;
			children = (
				BA60D67425111F7C0056AF8C /* Day16Tests.swift */,
				BA60D67625111F7C0056AF8C /* Info.plist */,
			);
			path = Day16Tests;
			sourceTree = "<group>";
		};
		BA60D67E25111F7C0056AF8C /* Day16UITests */ = {
			isa = PBXGroup;
			children = (
				BA60D67F25111F7C0056AF8C /* Day16UITests.swift */,
				BA60D68125111F7C0056AF8C /* Info.plist */,
			);
			path = Day16UITests;
			sourceTree = "<group>";
		};
		BA60D6E4251262400056AF8C /* Contents */ = {
			isa = PBXGroup;
			children = (
				BA60D6E5251262400056AF8C /* nssl0049.jpg */,
				BA60D6E6251262400056AF8C /* nssl0046.jpg */,
				BA60D6E7251262400056AF8C /* nssl0091.jpg */,
				BA60D6E8251262400056AF8C /* nssl0045.jpg */,
				BA60D6E9251262400056AF8C /* nssl0051.jpg */,
				BA60D6EA251262400056AF8C /* nssl0041.jpg */,
				BA60D6EB251262400056AF8C /* nssl0042.jpg */,
				BA60D6EC251262400056AF8C /* nssl0043.jpg */,
				BA60D6ED251262400056AF8C /* nssl0033.jpg */,
				BA60D6EE251262400056AF8C /* nssl0034.jpg */,
			);
			path = Contents;
			sourceTree = "<group>";
		};
/* End PBXGroup section */

/* Begin PBXNativeTarget section */
		BA60D65925111F7B0056AF8C /* Day16 */ = {
			isa = PBXNativeTarget;
			buildConfigurationList = BA60D68425111F7C0056AF8C /* Build configuration list for PBXNativeTarget "Day16" */;
			buildPhases = (
				BA60D65625111F7B0056AF8C /* Sources */,
				BA60D65725111F7B0056AF8C /* Frameworks */,
				BA60D65825111F7B0056AF8C /* Resources */,
			);
			buildRules = (
			);
			dependencies = (
			);
			name = Day16;
			productName = Day16;
			productReference = BA60D65A25111F7B0056AF8C /* Day16.app */;
			productType = "com.apple.product-type.application";
		};
		BA60D66F25111F7C0056AF8C /* Day16Tests */ = {
			isa = PBXNativeTarget;
			buildConfigurationList = BA60D68725111F7C0056AF8C /* Build configuration list for PBXNativeTarget "Day16Tests" */;
			buildPhases = (
				BA60D66C25111F7C0056AF8C /* Sources */,
				BA60D66D25111F7C0056AF8C /* Frameworks */,
				BA60D66E25111F7C0056AF8C /* Resources */,
			);
			buildRules = (
			);
			dependencies = (
				BA60D67225111F7C0056AF8C /* PBXTargetDependency */,
			);
			name = Day16Tests;
			productName = Day16Tests;
			productReference = BA60D67025111F7C0056AF8C /* Day16Tests.xctest */;
			productType = "com.apple.product-type.bundle.unit-test";
		};
		BA60D67A25111F7C0056AF8C /* Day16UITests */ = {
			isa = PBXNativeTarget;
			buildConfigurationList = BA60D68A25111F7C0056AF8C /* Build configuration list for PBXNativeTarget "Day16UITests" */;
			buildPhases = (
				BA60D67725111F7C0056AF8C /* Sources */,
				BA60D67825111F7C0056AF8C /* Frameworks */,
				BA60D67925111F7C0056AF8C /* Resources */,
			);
			buildRules = (
			);
			dependencies = (
				BA60D67D25111F7C0056AF8C /* PBXTargetDependency */,
			);
			name = Day16UITests;
			productName = Day16UITests;
			productReference = BA60D67B25111F7C0056AF8C /* Day16UITests.xctest */;
			productType = "com.apple.product-type.bundle.ui-testing";
		};
/* End PBXNativeTarget section */

/* Begin PBXProject section */
		BA60D65225111F7B0056AF8C /* Project object */ = {
			isa = PBXProject;
			attributes = {
				LastSwiftUpdateCheck = 1170;
				LastUpgradeCheck = 1200;
				ORGANIZATIONNAME = "Harrison Dutson";
				TargetAttributes = {
					BA60D65925111F7B0056AF8C = {
						CreatedOnToolsVersion = 11.7;
					};
					BA60D66F25111F7C0056AF8C = {
						CreatedOnToolsVersion = 11.7;
						TestTargetID = BA60D65925111F7B0056AF8C;
					};
					BA60D67A25111F7C0056AF8C = {
						CreatedOnToolsVersion = 11.7;
						TestTargetID = BA60D65925111F7B0056AF8C;
					};
				};
			};
			buildConfigurationList = BA60D65525111F7B0056AF8C /* Build configuration list for PBXProject "Day16" */;
			compatibilityVersion = "Xcode 9.3";
			developmentRegion = en;
			hasScannedForEncodings = 0;
			knownRegions = (
				en,
				Base,
			);
			mainGroup = BA60D65125111F7B0056AF8C;
			productRefGroup = BA60D65B25111F7B0056AF8C /* Products */;
			projectDirPath = "";
			projectRoot = "";
			targets = (
				BA60D65925111F7B0056AF8C /* Day16 */,
				BA60D66F25111F7C0056AF8C /* Day16Tests */,
				BA60D67A25111F7C0056AF8C /* Day16UITests */,
			);
		};
/* End PBXProject section */

/* Begin PBXResourcesBuildPhase section */
		BA60D65825111F7B0056AF8C /* Resources */ = {
			isa = PBXResourcesBuildPhase;
			buildActionMask = 2147483647;
			files = (
				BA60D6F0251262400056AF8C /* nssl0046.jpg in Resources */,
				BA60D6F7251262400056AF8C /* nssl0033.jpg in Resources */,
				BA60D6F3251262400056AF8C /* nssl0051.jpg in Resources */,
				BA60D6F1251262400056AF8C /* nssl0091.jpg in Resources */,
				BA60D6F6251262400056AF8C /* nssl0043.jpg in Resources */,
				BA60D6F8251262400056AF8C /* nssl0034.jpg in Resources */,
				BA60D6EF251262400056AF8C /* nssl0049.jpg in Resources */,
				BA60D6F4251262400056AF8C /* nssl0041.jpg in Resources */,
				BA60D6F5251262400056AF8C /* nssl0042.jpg in Resources */,
				BA60D66A25111F7C0056AF8C /* LaunchScreen.storyboard in Resources */,
				BA60D66725111F7C0056AF8C /* Assets.xcassets in Resources */,
				BA60D6F2251262400056AF8C /* nssl0045.jpg in Resources */,
				BA60D66525111F7B0056AF8C /* Main.storyboard in Resources */,
			);
			runOnlyForDeploymentPostprocessing = 0;
		};
		BA60D66E25111F7C0056AF8C /* Resources */ = {
			isa = PBXResourcesBuildPhase;
			buildActionMask = 2147483647;
			files = (
			);
			runOnlyForDeploymentPostprocessing = 0;
		};
		BA60D67925111F7C0056AF8C /* Resources */ = {
			isa = PBXResourcesBuildPhase;
			buildActionMask = 2147483647;
			files = (
			);
			runOnlyForDeploymentPostprocessing = 0;
		};
/* End PBXResourcesBuildPhase section */

/* Begin PBXSourcesBuildPhase section */
		BA60D65625111F7B0056AF8C /* Sources */ = {
			isa = PBXSourcesBuildPhase;
			buildActionMask = 2147483647;
			files = (
				BA60D66225111F7B0056AF8C /* ViewController.swift in Sources */,
				BA60D65E25111F7B0056AF8C /* AppDelegate.swift in Sources */,
				BA60D66025111F7B0056AF8C /* SceneDelegate.swift in Sources */,
				BA4EE4192515016E00AF7808 /* DetailViewController.swift in Sources */,
			);
			runOnlyForDeploymentPostprocessing = 0;
		};
		BA60D66C25111F7C0056AF8C /* Sources */ = {
			isa = PBXSourcesBuildPhase;
			buildActionMask = 2147483647;
			files = (
				BA60D67525111F7C0056AF8C /* Day16Tests.swift in Sources */,
			);
			runOnlyForDeploymentPostprocessing = 0;
		};
		BA60D67725111F7C0056AF8C /* Sources */ = {
			isa = PBXSourcesBuildPhase;
			buildActionMask = 2147483647;
			files = (
				BA60D68025111F7C0056AF8C /* Day16UITests.swift in Sources */,
			);
			runOnlyForDeploymentPostprocessing = 0;
		};
/* End PBXSourcesBuildPhase section */

/* Begin PBXTargetDependency section */
		BA60D67225111F7C0056AF8C /* PBXTargetDependency */ = {
			isa = PBXTargetDependency;
			target = BA60D65925111F7B0056AF8C /* Day16 */;
			targetProxy = BA60D67125111F7C0056AF8C /* PBXContainerItemProxy */;
		};
		BA60D67D25111F7C0056AF8C /* PBXTargetDependency */ = {
			isa = PBXTargetDependency;
			target = BA60D65925111F7B0056AF8C /* Day16 */;
			targetProxy = BA60D67C25111F7C0056AF8C /* PBXContainerItemProxy */;
		};
/* End PBXTargetDependency section */

/* Begin PBXVariantGroup section */
		BA60D66325111F7B0056AF8C /* Main.storyboard */ = {
			isa = PBXVariantGroup;
			children = (
				BA60D66425111F7B0056AF8C /* Base */,
			);
			name = Main.storyboard;
			sourceTree = "<group>";
		};
		BA60D66825111F7C0056AF8C /* LaunchScreen.storyboard */ = {
			isa = PBXVariantGroup;
			children = (
				BA60D66925111F7C0056AF8C /* Base */,
			);
			name = LaunchScreen.storyboard;
			sourceTree = "<group>";
		};
/* End PBXVariantGroup section */

/* Begin XCBuildConfiguration section */
		BA60D68225111F7C0056AF8C /* Debug */ = {
			isa = XCBuildConfiguration;
			buildSettings = {
				ALWAYS_SEARCH_USER_PATHS = NO;
				CLANG_ANALYZER_NONNULL = YES;
				CLANG_ANALYZER_NUMBER_OBJECT_CONVERSION = YES_AGGRESSIVE;
				CLANG_CXX_LANGUAGE_STANDARD = "gnu++14";
				CLANG_CXX_LIBRARY = "libc++";
				CLANG_ENABLE_MODULES = YES;
				CLANG_ENABLE_OBJC_ARC = YES;
				CLANG_ENABLE_OBJC_WEAK = YES;
				CLANG_WARN_BLOCK_CAPTURE_AUTORELEASING = YES;
				CLANG_WARN_BOOL_CONVERSION = YES;
				CLANG_WARN_COMMA = YES;
				CLANG_WARN_CONSTANT_CONVERSION = YES;
				CLANG_WARN_DEPRECATED_OBJC_IMPLEMENTATIONS = YES;
				CLANG_WARN_DIRECT_OBJC_ISA_USAGE = YES_ERROR;
				CLANG_WARN_DOCUMENTATION_COMMENTS = YES;
				CLANG_WARN_EMPTY_BODY = YES;
				CLANG_WARN_ENUM_CONVERSION = YES;
				CLANG_WARN_INFINITE_RECURSION = YES;
				CLANG_WARN_INT_CONVERSION = YES;
				CLANG_WARN_NON_LITERAL_NULL_CONVERSION = YES;
				CLANG_WARN_OBJC_IMPLICIT_RETAIN_SELF = YES;
				CLANG_WARN_OBJC_LITERAL_CONVERSION = YES;
				CLANG_WARN_OBJC_ROOT_CLASS = YES_ERROR;
				CLANG_WARN_QUOTED_INCLUDE_IN_FRAMEWORK_HEADER = YES;
				CLANG_WARN_RANGE_LOOP_ANALYSIS = YES;
				CLANG_WARN_STRICT_PROTOTYPES = YES;
				CLANG_WARN_SUSPICIOUS_MOVE = YES;
				CLANG_WARN_UNGUARDED_AVAILABILITY = YES_AGGRESSIVE;
				CLANG_WARN_UNREACHABLE_CODE = YES;
				CLANG_WARN__DUPLICATE_METHOD_MATCH = YES;
				COPY_PHASE_STRIP = NO;
				DEBUG_INFORMATION_FORMAT = dwarf;
				ENABLE_STRICT_OBJC_MSGSEND = YES;
				ENABLE_TESTABILITY = YES;
				GCC_C_LANGUAGE_STANDARD = gnu11;
				GCC_DYNAMIC_NO_PIC = NO;
				GCC_NO_COMMON_BLOCKS = YES;
				GCC_OPTIMIZATION_LEVEL = 0;
				GCC_PREPROCESSOR_DEFINITIONS = (
					"DEBUG=1",
					"$(inherited)",
				);
				GCC_WARN_64_TO_32_BIT_CONVERSION = YES;
				GCC_WARN_ABOUT_RETURN_TYPE = YES_ERROR;
				GCC_WARN_UNDECLARED_SELECTOR = YES;
				GCC_WARN_UNINITIALIZED_AUTOS = YES_AGGRESSIVE;
				GCC_WARN_UNUSED_FUNCTION = YES;
				GCC_WARN_UNUSED_VARIABLE = YES;
				IPHONEOS_DEPLOYMENT_TARGET = 13.7;
				MTL_ENABLE_DEBUG_INFO = INCLUDE_SOURCE;
				MTL_FAST_MATH = YES;
				ONLY_ACTIVE_ARCH = YES;
				SDKROOT = iphoneos;
				SWIFT_ACTIVE_COMPILATION_CONDITIONS = DEBUG;
				SWIFT_OPTIMIZATION_LEVEL = "-Onone";
			};
			name = Debug;
		};
		BA60D68325111F7C0056AF8C /* Release */ = {
			isa = XCBuildConfiguration;
			buildSettings = {
				ALWAYS_SEARCH_USER_PATHS = NO;
				CLANG_ANALYZER_NONNULL = YES;
				CLANG_ANALYZER_NUMBER_OBJECT_CONVERSION = YES_AGGRESSIVE;
				CLANG_CXX_LANGUAGE_STANDARD = "gnu++14";
				CLANG_CXX_LIBRARY = "libc++";
				CLANG_ENABLE_MODULES = YES;
				CLANG_ENABLE_OBJC_ARC = YES;
				CLANG_ENABLE_OBJC_WEAK = YES;
				CLANG_WARN_BLOCK_CAPTURE_AUTORELEASING = YES;
				CLANG_WARN_BOOL_CONVERSION = YES;
				CLANG_WARN_COMMA = YES;
				CLANG_WARN_CONSTANT_CONVERSION = YES;
				CLANG_WARN_DEPRECATED_OBJC_IMPLEMENTATIONS = YES;
				CLANG_WARN_DIRECT_OBJC_ISA_USAGE = YES_ERROR;
				CLANG_WARN_DOCUMENTATION_COMMENTS = YES;
				CLANG_WARN_EMPTY_BODY = YES;
				CLANG_WARN_ENUM_CONVERSION = YES;
				CLANG_WARN_INFINITE_RECURSION = YES;
				CLANG_WARN_INT_CONVERSION = YES;
				CLANG_WARN_NON_LITERAL_NULL_CONVERSION = YES;
				CLANG_WARN_OBJC_IMPLICIT_RETAIN_SELF = YES;
				CLANG_WARN_OBJC_LITERAL_CONVERSION = YES;
				CLANG_WARN_OBJC_ROOT_CLASS = YES_ERROR;
				CLANG_WARN_QUOTED_INCLUDE_IN_FRAMEWORK_HEADER = YES;
				CLANG_WARN_RANGE_LOOP_ANALYSIS = YES;
				CLANG_WARN_STRICT_PROTOTYPES = YES;
				CLANG_WARN_SUSPICIOUS_MOVE = YES;
				CLANG_WARN_UNGUARDED_AVAILABILITY = YES_AGGRESSIVE;
				CLANG_WARN_UNREACHABLE_CODE = YES;
				CLANG_WARN__DUPLICATE_METHOD_MATCH = YES;
				COPY_PHASE_STRIP = NO;
				DEBUG_INFORMATION_FORMAT = "dwarf-with-dsym";
				ENABLE_NS_ASSERTIONS = NO;
				ENABLE_STRICT_OBJC_MSGSEND = YES;
				GCC_C_LANGUAGE_STANDARD = gnu11;
				GCC_NO_COMMON_BLOCKS = YES;
				GCC_WARN_64_TO_32_BIT_CONVERSION = YES;
				GCC_WARN_ABOUT_RETURN_TYPE = YES_ERROR;
				GCC_WARN_UNDECLARED_SELECTOR = YES;
				GCC_WARN_UNINITIALIZED_AUTOS = YES_AGGRESSIVE;
				GCC_WARN_UNUSED_FUNCTION = YES;
				GCC_WARN_UNUSED_VARIABLE = YES;
				IPHONEOS_DEPLOYMENT_TARGET = 13.7;
				MTL_ENABLE_DEBUG_INFO = NO;
				MTL_FAST_MATH = YES;
				SDKROOT = iphoneos;
				SWIFT_COMPILATION_MODE = wholemodule;
				SWIFT_OPTIMIZATION_LEVEL = "-O";
				VALIDATE_PRODUCT = YES;
			};
			name = Release;
		};
		BA60D68525111F7C0056AF8C /* Debug */ = {
			isa = XCBuildConfiguration;
			buildSettings = {
				ASSETCATALOG_COMPILER_APPICON_NAME = AppIcon;
				CODE_SIGN_STYLE = Automatic;
				DEVELOPMENT_TEAM = AN53ZC83LH;
				INFOPLIST_FILE = Day16/Info.plist;
				LD_RUNPATH_SEARCH_PATHS = (
					"$(inherited)",
					"@executable_path/Frameworks",
				);
				PRODUCT_BUNDLE_IDENTIFIER = harrisondutson.Day16;
				PRODUCT_NAME = "$(TARGET_NAME)";
				SWIFT_VERSION = 5.0;
				TARGETED_DEVICE_FAMILY = "1,2";
			};
			name = Debug;
		};
		BA60D68625111F7C0056AF8C /* Release */ = {
			isa = XCBuildConfiguration;
			buildSettings = {
				ASSETCATALOG_COMPILER_APPICON_NAME = AppIcon;
				CODE_SIGN_STYLE = Automatic;
				DEVELOPMENT_TEAM = AN53ZC83LH;
				INFOPLIST_FILE = Day16/Info.plist;
				LD_RUNPATH_SEARCH_PATHS = (
					"$(inherited)",
					"@executable_path/Frameworks",
				);
				PRODUCT_BUNDLE_IDENTIFIER = harrisondutson.Day16;
				PRODUCT_NAME = "$(TARGET_NAME)";
				SWIFT_VERSION = 5.0;
				TARGETED_DEVICE_FAMILY = "1,2";
			};
			name = Release;
		};
		BA60D68825111F7C0056AF8C /* Debug */ = {
			isa = XCBuildConfiguration;
			buildSettings = {
				ALWAYS_EMBED_SWIFT_STANDARD_LIBRARIES = YES;
				BUNDLE_LOADER = "$(TEST_HOST)";
				CODE_SIGN_STYLE = Automatic;
				DEVELOPMENT_TEAM = AN53ZC83LH;
				INFOPLIST_FILE = Day16Tests/Info.plist;
				IPHONEOS_DEPLOYMENT_TARGET = 13.7;
				LD_RUNPATH_SEARCH_PATHS = (
					"$(inherited)",
					"@executable_path/Frameworks",
					"@loader_path/Frameworks",
				);
				PRODUCT_BUNDLE_IDENTIFIER = harrisondutson.Day16Tests;
				PRODUCT_NAME = "$(TARGET_NAME)";
				SWIFT_VERSION = 5.0;
				TARGETED_DEVICE_FAMILY = "1,2";
				TEST_HOST = "$(BUILT_PRODUCTS_DIR)/Day16.app/Day16";
			};
			name = Debug;
		};
		BA60D68925111F7C0056AF8C /* Release */ = {
			isa = XCBuildConfiguration;
			buildSettings = {
				ALWAYS_EMBED_SWIFT_STANDARD_LIBRARIES = YES;
				BUNDLE_LOADER = "$(TEST_HOST)";
				CODE_SIGN_STYLE = Automatic;
				DEVELOPMENT_TEAM = AN53ZC83LH;
				INFOPLIST_FILE = Day16Tests/Info.plist;
				IPHONEOS_DEPLOYMENT_TARGET = 13.7;
				LD_RUNPATH_SEARCH_PATHS = (
					"$(inherited)",
					"@executable_path/Frameworks",
					"@loader_path/Frameworks",
				);
				PRODUCT_BUNDLE_IDENTIFIER = harrisondutson.Day16Tests;
				PRODUCT_NAME = "$(TARGET_NAME)";
				SWIFT_VERSION = 5.0;
				TARGETED_DEVICE_FAMILY = "1,2";
				TEST_HOST = "$(BUILT_PRODUCTS_DIR)/Day16.app/Day16";
			};
			name = Release;
		};
		BA60D68B25111F7C0056AF8C /* Debug */ = {
			isa = XCBuildConfiguration;
			buildSettings = {
				ALWAYS_EMBED_SWIFT_STANDARD_LIBRARIES = YES;
				CODE_SIGN_STYLE = Automatic;
				DEVELOPMENT_TEAM = AN53ZC83LH;
				INFOPLIST_FILE = Day16UITests/Info.plist;
				LD_RUNPATH_SEARCH_PATHS = (
					"$(inherited)",
					"@executable_path/Frameworks",
					"@loader_path/Frameworks",
				);
				PRODUCT_BUNDLE_IDENTIFIER = harrisondutson.Day16UITests;
				PRODUCT_NAME = "$(TARGET_NAME)";
				SWIFT_VERSION = 5.0;
				TARGETED_DEVICE_FAMILY = "1,2";
				TEST_TARGET_NAME = Day16;
			};
			name = Debug;
		};
		BA60D68C25111F7C0056AF8C /* Release */ = {
			isa = XCBuildConfiguration;
			buildSettings = {
				ALWAYS_EMBED_SWIFT_STANDARD_LIBRARIES = YES;
				CODE_SIGN_STYLE = Automatic;
				DEVELOPMENT_TEAM = AN53ZC83LH;
				INFOPLIST_FILE = Day16UITests/Info.plist;
				LD_RUNPATH_SEARCH_PATHS = (
					"$(inherited)",
					"@executable_path/Frameworks",
					"@loader_path/Frameworks",
				);
				PRODUCT_BUNDLE_IDENTIFIER = harrisondutson.Day16UITests;
				PRODUCT_NAME = "$(TARGET_NAME)";
				SWIFT_VERSION = 5.0;
				TARGETED_DEVICE_FAMILY = "1,2";
				TEST_TARGET_NAME = Day16;
			};
			name = Release;
		};
/* End XCBuildConfiguration section */

/* Begin XCConfigurationList section */
		BA60D65525111F7B0056AF8C /* Build configuration list for PBXProject "Day16" */ = {
			isa = XCConfigurationList;
			buildConfigurations = (
				BA60D68225111F7C0056AF8C /* Debug */,
				BA60D68325111F7C0056AF8C /* Release */,
			);
			defaultConfigurationIsVisible = 0;
			defaultConfigurationName = Release;
		};
		BA60D68425111F7C0056AF8C /* Build configuration list for PBXNativeTarget "Day16" */ = {
			isa = XCConfigurationList;
			buildConfigurations = (
				BA60D68525111F7C0056AF8C /* Debug */,
				BA60D68625111F7C0056AF8C /* Release */,
			);
			defaultConfigurationIsVisible = 0;
			defaultConfigurationName = Release;
		};
		BA60D68725111F7C0056AF8C /* Build configuration list for PBXNativeTarget "Day16Tests" */ = {
			isa = XCConfigurationList;
			buildConfigurations = (
				BA60D68825111F7C0056AF8C /* Debug */,
				BA60D68925111F7C0056AF8C /* Release */,
			);
			defaultConfigurationIsVisible = 0;
			defaultConfigurationName = Release;
		};
		BA60D68A25111F7C0056AF8C /* Build configuration list for PBXNativeTarget "Day16UITests" */ = {
			isa = XCConfigurationList;
			buildConfigurations = (
				BA60D68B25111F7C0056AF8C /* Debug */,
				BA60D68C25111F7C0056AF8C /* Release */,
			);
			defaultConfigurationIsVisible = 0;
			defaultConfigurationName = Release;
		};
/* End XCConfigurationList section */
	};
	rootObject = BA60D65225111F7B0056AF8C /* Project object */;
}
